{
  "name": "bluestock_fintech",
  "version": "1.0.0",
  "lockfileVersion": 3,
  "requires": true,
  "packages": {
    "": {
      "name": "bluestock_fintech",
      "version": "1.0.0",
      "license": "ISC",
      "dependencies": {
        "fontawesome-icon": "^1.0.4"
      },
      "devDependencies": {}
    },
    "node_modules/@fortawesome/fontawesome-common-types": {
      "version": "0.2.36",
      "resolved": "https://registry.npmjs.org/@fortawesome/fontawesome-common-types/-/fontawesome-common-types-0.2.36.tgz",
      "integrity": "sha512-a/7BiSgobHAgBWeN7N0w+lAhInrGxksn13uK7231n2m8EDPE3BMCl9NZLTGrj9ZXfCmC6LM0QLqXidIizVQ6yg==",
      "hasInstallScript": true,
      "engines": {
        "node": ">=6"
      }
    },
    "node_modules/@fortawesome/fontawesome-svg-core": {
      "version": "1.2.36",
      "resolved": "https://registry.npmjs.org/@fortawesome/fontawesome-svg-core/-/fontawesome-svg-core-1.2.36.tgz",
      "integrity": "sha512-YUcsLQKYb6DmaJjIHdDWpBIGCcyE/W+p/LMGvjQem55Mm2XWVAP5kWTMKWLv9lwpCVjpLxPyOMOyUocP1GxrtA==",
      "hasInstallScript": true,
      "dependencies": {
        "@fortawesome/fontawesome-common-types": "^0.2.36"
      },
      "engines": {
        "node": ">=6"
      }
    },
    "node_modules/@fortawesome/free-brands-svg-icons": {
      "version": "5.15.4",
      "resolved": "https://registry.npmjs.org/@fortawesome/free-brands-svg-icons/-/free-brands-svg-icons-5.15.4.tgz",
      "integrity": "sha512-f1witbwycL9cTENJegcmcZRYyawAFbm8+c6IirLmwbbpqz46wyjbQYLuxOc7weXFXfB7QR8/Vd2u5R3q6JYD9g==",
      "hasInstallScript": true,
      "dependencies": {
        "@fortawesome/fontawesome-common-types": "^0.2.36"
      },
      "engines": {
        "node": ">=6"
      }
    },
    "node_modules/@fortawesome/free-regular-svg-icons": {
      "version": "5.15.4",
      "resolved": "https://registry.npmjs.org/@fortawesome/free-regular-svg-icons/-/free-regular-svg-icons-5.15.4.tgz",
      "integrity": "sha512-9VNNnU3CXHy9XednJ3wzQp6SwNwT3XaM26oS4Rp391GsxVYA+0oDR2J194YCIWf7jNRCYKjUCOduxdceLrx+xw==",
      "hasInstallScript": true,
      "dependencies": {
        "@fortawesome/fontawesome-common-types": "^0.2.36"
      },
      "engines": {
        "node": ">=6"
      }
    },
    "node_modules/@fortawesome/free-solid-svg-icons": {
      "version": "5.15.4",
      "resolved": "https://registry.npmjs.org/@fortawesome/free-solid-svg-icons/-/free-solid-svg-icons-5.15.4.tgz",
      "integrity": "sha512-JLmQfz6tdtwxoihXLg6lT78BorrFyCf59SAwBM6qV/0zXyVeDygJVb3fk+j5Qat+Yvcxp1buLTY5iDh1ZSAQ8w==",
      "hasInstallScript": true,
      "dependencies": {
        "@fortawesome/fontawesome-common-types": "^0.2.36"
      },
      "engines": {
        "node": ">=6"
      }
    },
    "node_modules/@polymer/polymer": {
      "version": "3.5.1",
      "resolved": "https://registry.npmjs.org/@polymer/polymer/-/polymer-3.5.1.tgz",
      "integrity": "sha512-JlAHuy+1qIC6hL1ojEUfIVD58fzTpJAoCxFwV5yr0mYTXV1H8bz5zy0+rC963Cgr9iNXQ4T9ncSjC2fkF9BQfw==",
      "dependencies": {
        "@webcomponents/shadycss": "^1.9.1"
      }
    },
    "node_modules/@webcomponents/shadycss": {
      "version": "1.11.2",
      "resolved": "https://registry.npmjs.org/@webcomponents/shadycss/-/shadycss-1.11.2.tgz",
      "integrity": "sha512-vRq+GniJAYSBmTRnhCYPAPq6THYqovJ/gzGThWbgEZUQaBccndGTi1hdiUP15HzEco0I6t4RCtXyX0rsSmwgPw=="
    },
    "node_modules/fontawesome-icon": {
      "version": "1.0.4",
      "resolved": "https://registry.npmjs.org/fontawesome-icon/-/fontawesome-icon-1.0.4.tgz",
      "integrity": "sha512-dglE/feeD3tEcnBIi397i7qPzYTIBs/q5mOl1lV6huoNe+fYOVVD+x5WWCiO5qS78yuk4MyqrpZKruBLSr/N8Q==",
      "dependencies": {
        "@fortawesome/fontawesome-svg-core": "^1.2.0",
        "@fortawesome/free-brands-svg-icons": "^5.1.0",
        "@fortawesome/free-regular-svg-icons": "^5.1.0",
        "@fortawesome/free-solid-svg-icons": "^5.1.0",
        "@polymer/polymer": "^3.0.0"
      }
    }
  }
}
